{
    "name": "@loupeteam/librarybuilderproject",
    "version": "0.2.0",
    "lockfileVersion": 3,
    "requires": true,
    "packages": {
        "": {
            "name": "@loupeteam/librarybuilderproject",
            "version": "0.2.0",
            "license": "MIT",
            "dependencies": {
                "@loupeteam/ipcfglib": "^3.1.2",
                "@loupeteam/librarybuilderproject": "^0.3.0"
            }
        },
        "node_modules/@loupeteam/ipcfglib": {
            "version": "3.1.2",
            "resolved": "https://npm.pkg.github.com/download/@loupeteam/ipcfglib/3.1.2/a905d332be0ae7c22833255a88a8a1c07628c719",
            "integrity": "sha512-M4nOv0xXRFF/lsbtSGaz9MxJarpMa95RcCzprNbDo3xO+zcVZVYRebkZlakRTaZiolswBGJqE6DmrVbQGcsrLA==",
            "license": "Loupe Software License Agreement",
            "dependencies": {
                "@loupeteam/stringext": "*"
            }
        },
        "node_modules/@loupeteam/librarybuilderproject": {
            "version": "0.3.0",
            "resolved": "https://npm.pkg.github.com/download/@loupeteam/librarybuilderproject/0.3.0/9c3c1fc98350439d618573f3b465d94e3ae1e000",
            "integrity": "sha512-kUOwhpPoqQ1DikLGFBH3c8+nsb28ayX2IpQRC0UaEg34cV4GrRoI0FvkSovc3tgrGohpyvxFPRy5C6TM5wj7JA==",
            "license": "MIT"
        },
        "node_modules/@loupeteam/stringext": {
            "version": "0.14.4",
            "resolved": "https://npm.pkg.github.com/download/@loupeteam/stringext/0.14.4/9d7c965dd094afeaf89b9f48c9b882ce798890dc",
            "integrity": "sha512-xYNj2b+SUxIgM5ZvB+BgDL+cqWkaKHAN65GbyNCd1B/SExiqUDO/VMa77/Sk2XlIZdzXj5mXxjwU/zjY97WsMg==",
            "license": "MIT"
        }
    }
}
